
Microsoft Visual Studio Solution File, Format Version 12.00
# Visual Studio Version 17
VisualStudioVersion = 17.12.35506.116 d17.12
MinimumVisualStudioVersion = 10.0.40219.1
Project("{FAE04EC0-301F-11D3-BF4B-00C04F79EFBC}") = "PaperlessREST", "PaperlessREST\PaperlessREST.csproj", "{15C51E3E-E910-4F46-A5F8-20E736180379}"
EndProject
Project("{FAE04EC0-301F-11D3-BF4B-00C04F79EFBC}") = "PostgreSQL", "PostgreSQL\PostgreSQL.csproj", "{780160AD-89B5-49A4-8D22-A37741B8F17C}"
EndProject
Project("{2150E333-8FDC-42A3-9474-1A3956D46DE8}") = "Solution Items", "Solution Items", "{EDA2C442-BFEB-4937-95B7-95F2A4A7AD31}"
	ProjectSection(SolutionItems) = preProject
		docker-compose.yaml = docker-compose.yaml
	EndProjectSection
EndProject
Project("{FAE04EC0-301F-11D3-BF4B-00C04F79EFBC}") = "Publisher", "Publisher\Publisher.csproj", "{2DDF358C-9D6F-4F5A-B54D-7A6702FD5A06}"
EndProject
Project("{FAE04EC0-301F-11D3-BF4B-00C04F79EFBC}") = "PaperlessService", "PaperlessService\PaperlessService.csproj", "{B6EAA33E-F35E-47B2-AFD7-18AB6B3CE549}"
EndProject
Project("{FAE04EC0-301F-11D3-BF4B-00C04F79EFBC}") = "Mapper", "Mapper\Mapper.csproj", "{879F0B02-AECC-456E-BA96-3E0C7C7C7384}"
EndProject
Project("{FAE04EC0-301F-11D3-BF4B-00C04F79EFBC}") = "Contract", "Contract\Contract.csproj", "{C755F58B-3A4F-467C-81B2-EFADFA7A5BC1}"
EndProject
Project("{FAE04EC0-301F-11D3-BF4B-00C04F79EFBC}") = "Agents", "Agents\Agents.csproj", "{62A61754-8D52-49F4-9A82-A7A394BD98F8}"
EndProject
Project("{FAE04EC0-301F-11D3-BF4B-00C04F79EFBC}") = "OcrWorker", "OcrWorker\OcrWorker.csproj", "{7F4557F8-5093-433F-99CF-ED5923F1D6D8}"
EndProject
Project("{FAE04EC0-301F-11D3-BF4B-00C04F79EFBC}") = "Subscriber", "Subscriber\Subscriber.csproj", "{13E544A9-5A2A-4BD7-9F7D-6CE52EA9DE22}"
EndProject
Project("{FAE04EC0-301F-11D3-BF4B-00C04F79EFBC}") = "Tests", "Tests\Tests.csproj", "{07BCF758-08EF-4A20-9E21-208241FE1D08}"
EndProject
Global
	GlobalSection(SolutionConfigurationPlatforms) = preSolution
		Debug|Any CPU = Debug|Any CPU
		Release|Any CPU = Release|Any CPU
	EndGlobalSection
	GlobalSection(ProjectConfigurationPlatforms) = postSolution
		{15C51E3E-E910-4F46-A5F8-20E736180379}.Debug|Any CPU.ActiveCfg = Debug|Any CPU
		{15C51E3E-E910-4F46-A5F8-20E736180379}.Debug|Any CPU.Build.0 = Debug|Any CPU
		{15C51E3E-E910-4F46-A5F8-20E736180379}.Release|Any CPU.ActiveCfg = Release|Any CPU
		{15C51E3E-E910-4F46-A5F8-20E736180379}.Release|Any CPU.Build.0 = Release|Any CPU
		{780160AD-89B5-49A4-8D22-A37741B8F17C}.Debug|Any CPU.ActiveCfg = Debug|Any CPU
		{780160AD-89B5-49A4-8D22-A37741B8F17C}.Debug|Any CPU.Build.0 = Debug|Any CPU
		{780160AD-89B5-49A4-8D22-A37741B8F17C}.Release|Any CPU.ActiveCfg = Release|Any CPU
		{780160AD-89B5-49A4-8D22-A37741B8F17C}.Release|Any CPU.Build.0 = Release|Any CPU
		{2DDF358C-9D6F-4F5A-B54D-7A6702FD5A06}.Debug|Any CPU.ActiveCfg = Debug|Any CPU
		{2DDF358C-9D6F-4F5A-B54D-7A6702FD5A06}.Debug|Any CPU.Build.0 = Debug|Any CPU
		{2DDF358C-9D6F-4F5A-B54D-7A6702FD5A06}.Release|Any CPU.ActiveCfg = Release|Any CPU
		{2DDF358C-9D6F-4F5A-B54D-7A6702FD5A06}.Release|Any CPU.Build.0 = Release|Any CPU
		{B6EAA33E-F35E-47B2-AFD7-18AB6B3CE549}.Debug|Any CPU.ActiveCfg = Debug|Any CPU
		{B6EAA33E-F35E-47B2-AFD7-18AB6B3CE549}.Debug|Any CPU.Build.0 = Debug|Any CPU
		{B6EAA33E-F35E-47B2-AFD7-18AB6B3CE549}.Release|Any CPU.ActiveCfg = Release|Any CPU
		{B6EAA33E-F35E-47B2-AFD7-18AB6B3CE549}.Release|Any CPU.Build.0 = Release|Any CPU
		{879F0B02-AECC-456E-BA96-3E0C7C7C7384}.Debug|Any CPU.ActiveCfg = Debug|Any CPU
		{879F0B02-AECC-456E-BA96-3E0C7C7C7384}.Debug|Any CPU.Build.0 = Debug|Any CPU
		{879F0B02-AECC-456E-BA96-3E0C7C7C7384}.Release|Any CPU.ActiveCfg = Release|Any CPU
		{879F0B02-AECC-456E-BA96-3E0C7C7C7384}.Release|Any CPU.Build.0 = Release|Any CPU
		{C755F58B-3A4F-467C-81B2-EFADFA7A5BC1}.Debug|Any CPU.ActiveCfg = Debug|Any CPU
		{C755F58B-3A4F-467C-81B2-EFADFA7A5BC1}.Debug|Any CPU.Build.0 = Debug|Any CPU
		{C755F58B-3A4F-467C-81B2-EFADFA7A5BC1}.Release|Any CPU.ActiveCfg = Release|Any CPU
		{C755F58B-3A4F-467C-81B2-EFADFA7A5BC1}.Release|Any CPU.Build.0 = Release|Any CPU
		{1760B273-2E11-456E-B3AD-1F67A25CFF66}.Debug|Any CPU.ActiveCfg = Debug|Any CPU
		{1760B273-2E11-456E-B3AD-1F67A25CFF66}.Debug|Any CPU.Build.0 = Debug|Any CPU
		{1760B273-2E11-456E-B3AD-1F67A25CFF66}.Release|Any CPU.ActiveCfg = Release|Any CPU
		{1760B273-2E11-456E-B3AD-1F67A25CFF66}.Release|Any CPU.Build.0 = Release|Any CPU
		{1E9F8DF8-F58D-42B6-AF60-5D0636067933}.Debug|Any CPU.ActiveCfg = Debug|Any CPU
		{1E9F8DF8-F58D-42B6-AF60-5D0636067933}.Debug|Any CPU.Build.0 = Debug|Any CPU
		{1E9F8DF8-F58D-42B6-AF60-5D0636067933}.Release|Any CPU.ActiveCfg = Release|Any CPU
		{1E9F8DF8-F58D-42B6-AF60-5D0636067933}.Release|Any CPU.Build.0 = Release|Any CPU
		{62A61754-8D52-49F4-9A82-A7A394BD98F8}.Debug|Any CPU.ActiveCfg = Debug|Any CPU
		{62A61754-8D52-49F4-9A82-A7A394BD98F8}.Debug|Any CPU.Build.0 = Debug|Any CPU
		{62A61754-8D52-49F4-9A82-A7A394BD98F8}.Release|Any CPU.ActiveCfg = Release|Any CPU
		{62A61754-8D52-49F4-9A82-A7A394BD98F8}.Release|Any CPU.Build.0 = Release|Any CPU
		{7F4557F8-5093-433F-99CF-ED5923F1D6D8}.Debug|Any CPU.ActiveCfg = Debug|Any CPU
		{7F4557F8-5093-433F-99CF-ED5923F1D6D8}.Debug|Any CPU.Build.0 = Debug|Any CPU
		{7F4557F8-5093-433F-99CF-ED5923F1D6D8}.Release|Any CPU.ActiveCfg = Release|Any CPU
		{7F4557F8-5093-433F-99CF-ED5923F1D6D8}.Release|Any CPU.Build.0 = Release|Any CPU
		{13E544A9-5A2A-4BD7-9F7D-6CE52EA9DE22}.Debug|Any CPU.ActiveCfg = Debug|Any CPU
		{13E544A9-5A2A-4BD7-9F7D-6CE52EA9DE22}.Debug|Any CPU.Build.0 = Debug|Any CPU
		{13E544A9-5A2A-4BD7-9F7D-6CE52EA9DE22}.Release|Any CPU.ActiveCfg = Release|Any CPU
		{13E544A9-5A2A-4BD7-9F7D-6CE52EA9DE22}.Release|Any CPU.Build.0 = Release|Any CPU
		{07BCF758-08EF-4A20-9E21-208241FE1D08}.Debug|Any CPU.ActiveCfg = Debug|Any CPU
		{07BCF758-08EF-4A20-9E21-208241FE1D08}.Debug|Any CPU.Build.0 = Debug|Any CPU
		{07BCF758-08EF-4A20-9E21-208241FE1D08}.Release|Any CPU.ActiveCfg = Release|Any CPU
		{07BCF758-08EF-4A20-9E21-208241FE1D08}.Release|Any CPU.Build.0 = Release|Any CPU
	EndGlobalSection
	GlobalSection(SolutionProperties) = preSolution
		HideSolutionNode = FALSE
	EndGlobalSection
EndGlobal
